
Microsoft Visual Studio Solution File, Format Version 12.00
# Visual Studio 14
VisualStudioVersion = 14.0.23107.0
MinimumVisualStudioVersion = 10.0.40219.1
Project("{FAE04EC0-301F-11D3-BF4B-00C04F79EFBC}") = "Ovning1", "Lab1\Ovning1.csproj", "{C71F144A-21E3-4020-A9A0-419CE0068EA9}"
EndProject
Project("{FAE04EC0-301F-11D3-BF4B-00C04F79EFBC}") = "ovning1Frågor", "Lab1questions\ovning1Frågor.csproj", "{F73E25D1-9BD4-431E-BDD4-C36C2675C3E2}"
EndProject
Project("{FAE04EC0-301F-11D3-BF4B-00C04F79EFBC}") = "Ovning2", "Lab2\Ovning2.csproj", "{01B75A84-B5EC-413C-A750-0085C51293DC}"
EndProject
Project("{FAE04EC0-301F-11D3-BF4B-00C04F79EFBC}") = "Ovning3", "..\Övning3\Program\Ovning3.csproj", "{41A175D0-7846-4A2A-A004-0ACC37B84A34}"
EndProject
Project("{FAE04EC0-301F-11D3-BF4B-00C04F79EFBC}") = "Ovning4", "Ovning4\Ovning4.csproj", "{47B8303F-D378-45A9-A1A2-61CC5565364A}"
EndProject
Project("{FAE04EC0-301F-11D3-BF4B-00C04F79EFBC}") = "Ovning4Uppgift6", "Ovning4Uppgift6\Ovning4Uppgift6.csproj", "{FF1656B9-EDED-43BF-9FD3-758EE494C8E5}"
EndProject
Project("{FAE04EC0-301F-11D3-BF4B-00C04F79EFBC}") = "OvningArv", "OvningArv\OvningArv.csproj", "{860F1988-C4C9-448D-B157-71A0B673447F}"
EndProject
Project("{FAE04EC0-301F-11D3-BF4B-00C04F79EFBC}") = "Laboration 5", "Laboration 5\Laboration 5.csproj", "{44F6FA17-51C2-4245-9B4C-A0B30A4431C3}"
EndProject
Project("{FAE04EC0-301F-11D3-BF4B-00C04F79EFBC}") = "Kollektioner", "Kollektioner\Kollektioner.csproj", "{ABB208BC-E1E0-4BAB-B904-EBBC563B18CD}"
EndProject
Project("{FAE04EC0-301F-11D3-BF4B-00C04F79EFBC}") = "Product", "Product\Product.csproj", "{25B23CCB-3209-4F7A-9FB6-9926D3736F85}"
EndProject
Project("{FAE04EC0-301F-11D3-BF4B-00C04F79EFBC}") = "Struct", "Struct\Struct.csproj", "{A48739F8-BEBD-48A2-875E-7045FC23F4E2}"
EndProject
Project("{FAE04EC0-301F-11D3-BF4B-00C04F79EFBC}") = "StructOperatorOverlagring", "StructOperatorOverlagring\StructOperatorOverlagring.csproj", "{B0C48EC1-BADE-4783-A601-53B2B9253F39}"
EndProject
Project("{FAE04EC0-301F-11D3-BF4B-00C04F79EFBC}") = "CastingThings", "CastingThings\CastingThings.csproj", "{0182CEEA-883F-4EB7-951C-D79603CC2B4B}"
EndProject
Project("{FAE04EC0-301F-11D3-BF4B-00C04F79EFBC}") = "Exercise6", "Exercise6\Exercise6.csproj", "{847E3623-1243-4C2B-84D1-3D155207C838}"
EndProject
Project("{FAE04EC0-301F-11D3-BF4B-00C04F79EFBC}") = "EnumOchInterface", "EnumOchInterface\EnumOchInterface.csproj", "{DE2C396A-4D37-4CD2-9C76-9E2BA0C8537C}"
EndProject
Project("{FAE04EC0-301F-11D3-BF4B-00C04F79EFBC}") = "EnumOvning", "EnumOvning\EnumOvning.csproj", "{D2E357C4-77A3-4079-8296-F98A62855CEF}"
EndProject
Project("{FAE04EC0-301F-11D3-BF4B-00C04F79EFBC}") = "Interfaceus", "Interfaceus\Interfaceus.csproj", "{CA60E811-ECCC-4488-9A51-76005C02CEDC}"
EndProject
Project("{FAE04EC0-301F-11D3-BF4B-00C04F79EFBC}") = "InterFaceus2", "InterFaceus2\InterFaceus2.csproj", "{928790D5-C74B-4937-9D31-0AA4D9A2ABC3}"
EndProject
Project("{FAE04EC0-301F-11D3-BF4B-00C04F79EFBC}") = "IComparableNogonting", "IComparableNogonting\IComparableNogonting.csproj", "{B512A035-2D10-4014-9839-D11032F59A49}"
EndProject
Project("{FAE04EC0-301F-11D3-BF4B-00C04F79EFBC}") = "Felhantering", "..\Felhantering\Felhantering\Felhantering.csproj", "{36D398A5-1DE8-4BE0-A565-E30E5B48BD81}"
EndProject
Project("{FAE04EC0-301F-11D3-BF4B-00C04F79EFBC}") = "TestTenta", "TestTenta\TestTenta.csproj", "{FF35E62B-EA18-4868-BADA-3ABC4965862A}"
EndProject
Project("{FAE04EC0-301F-11D3-BF4B-00C04F79EFBC}") = "TentaOvningExercise4", "TentaOvningExercise4\TentaOvningExercise4.csproj", "{85AB0D21-3642-4B23-A6FB-E4AD5A17DD50}"
EndProject
Project("{FAE04EC0-301F-11D3-BF4B-00C04F79EFBC}") = "ArvMedOlikaKonstruktors", "ArvMedOlikaKonstruktors\ArvMedOlikaKonstruktors.csproj", "{59AF9AD0-7B12-4729-A2AC-3DE1290DCF71}"
EndProject
Project("{FAE04EC0-301F-11D3-BF4B-00C04F79EFBC}") = "EnumTestInforTenta", "EnumTestInforTenta\EnumTestInforTenta.csproj", "{3B9CBF7C-0011-47CF-906C-71B39BBAA401}"
EndProject
Project("{FAE04EC0-301F-11D3-BF4B-00C04F79EFBC}") = "ListT", "ListT\ListT.csproj", "{39BB30E6-F4CF-479D-8F05-CE6D22EBAA84}"
EndProject
Global
	GlobalSection(SolutionConfigurationPlatforms) = preSolution
		Debug|Any CPU = Debug|Any CPU
		Release|Any CPU = Release|Any CPU
	EndGlobalSection
	GlobalSection(ProjectConfigurationPlatforms) = postSolution
		{C71F144A-21E3-4020-A9A0-419CE0068EA9}.Debug|Any CPU.ActiveCfg = Debug|Any CPU
		{C71F144A-21E3-4020-A9A0-419CE0068EA9}.Debug|Any CPU.Build.0 = Debug|Any CPU
		{C71F144A-21E3-4020-A9A0-419CE0068EA9}.Release|Any CPU.ActiveCfg = Release|Any CPU
		{C71F144A-21E3-4020-A9A0-419CE0068EA9}.Release|Any CPU.Build.0 = Release|Any CPU
		{F73E25D1-9BD4-431E-BDD4-C36C2675C3E2}.Debug|Any CPU.ActiveCfg = Debug|Any CPU
		{F73E25D1-9BD4-431E-BDD4-C36C2675C3E2}.Debug|Any CPU.Build.0 = Debug|Any CPU
		{F73E25D1-9BD4-431E-BDD4-C36C2675C3E2}.Release|Any CPU.ActiveCfg = Release|Any CPU
		{F73E25D1-9BD4-431E-BDD4-C36C2675C3E2}.Release|Any CPU.Build.0 = Release|Any CPU
		{01B75A84-B5EC-413C-A750-0085C51293DC}.Debug|Any CPU.ActiveCfg = Debug|Any CPU
		{01B75A84-B5EC-413C-A750-0085C51293DC}.Debug|Any CPU.Build.0 = Debug|Any CPU
		{01B75A84-B5EC-413C-A750-0085C51293DC}.Release|Any CPU.ActiveCfg = Release|Any CPU
		{01B75A84-B5EC-413C-A750-0085C51293DC}.Release|Any CPU.Build.0 = Release|Any CPU
		{41A175D0-7846-4A2A-A004-0ACC37B84A34}.Debug|Any CPU.ActiveCfg = Debug|Any CPU
		{41A175D0-7846-4A2A-A004-0ACC37B84A34}.Debug|Any CPU.Build.0 = Debug|Any CPU
		{41A175D0-7846-4A2A-A004-0ACC37B84A34}.Release|Any CPU.ActiveCfg = Release|Any CPU
		{41A175D0-7846-4A2A-A004-0ACC37B84A34}.Release|Any CPU.Build.0 = Release|Any CPU
		{47B8303F-D378-45A9-A1A2-61CC5565364A}.Debug|Any CPU.ActiveCfg = Debug|Any CPU
		{47B8303F-D378-45A9-A1A2-61CC5565364A}.Debug|Any CPU.Build.0 = Debug|Any CPU
		{47B8303F-D378-45A9-A1A2-61CC5565364A}.Release|Any CPU.ActiveCfg = Release|Any CPU
		{47B8303F-D378-45A9-A1A2-61CC5565364A}.Release|Any CPU.Build.0 = Release|Any CPU
		{FF1656B9-EDED-43BF-9FD3-758EE494C8E5}.Debug|Any CPU.ActiveCfg = Debug|Any CPU
		{FF1656B9-EDED-43BF-9FD3-758EE494C8E5}.Debug|Any CPU.Build.0 = Debug|Any CPU
		{FF1656B9-EDED-43BF-9FD3-758EE494C8E5}.Release|Any CPU.ActiveCfg = Release|Any CPU
		{FF1656B9-EDED-43BF-9FD3-758EE494C8E5}.Release|Any CPU.Build.0 = Release|Any CPU
		{860F1988-C4C9-448D-B157-71A0B673447F}.Debug|Any CPU.ActiveCfg = Debug|Any CPU
		{860F1988-C4C9-448D-B157-71A0B673447F}.Debug|Any CPU.Build.0 = Debug|Any CPU
		{860F1988-C4C9-448D-B157-71A0B673447F}.Release|Any CPU.ActiveCfg = Release|Any CPU
		{860F1988-C4C9-448D-B157-71A0B673447F}.Release|Any CPU.Build.0 = Release|Any CPU
		{44F6FA17-51C2-4245-9B4C-A0B30A4431C3}.Debug|Any CPU.ActiveCfg = Debug|Any CPU
		{44F6FA17-51C2-4245-9B4C-A0B30A4431C3}.Debug|Any CPU.Build.0 = Debug|Any CPU
		{44F6FA17-51C2-4245-9B4C-A0B30A4431C3}.Release|Any CPU.ActiveCfg = Release|Any CPU
		{44F6FA17-51C2-4245-9B4C-A0B30A4431C3}.Release|Any CPU.Build.0 = Release|Any CPU
		{ABB208BC-E1E0-4BAB-B904-EBBC563B18CD}.Debug|Any CPU.ActiveCfg = Debug|Any CPU
		{ABB208BC-E1E0-4BAB-B904-EBBC563B18CD}.Debug|Any CPU.Build.0 = Debug|Any CPU
		{ABB208BC-E1E0-4BAB-B904-EBBC563B18CD}.Release|Any CPU.ActiveCfg = Release|Any CPU
		{ABB208BC-E1E0-4BAB-B904-EBBC563B18CD}.Release|Any CPU.Build.0 = Release|Any CPU
		{25B23CCB-3209-4F7A-9FB6-9926D3736F85}.Debug|Any CPU.ActiveCfg = Debug|Any CPU
		{25B23CCB-3209-4F7A-9FB6-9926D3736F85}.Debug|Any CPU.Build.0 = Debug|Any CPU
		{25B23CCB-3209-4F7A-9FB6-9926D3736F85}.Release|Any CPU.ActiveCfg = Release|Any CPU
		{25B23CCB-3209-4F7A-9FB6-9926D3736F85}.Release|Any CPU.Build.0 = Release|Any CPU
		{A48739F8-BEBD-48A2-875E-7045FC23F4E2}.Debug|Any CPU.ActiveCfg = Debug|Any CPU
		{A48739F8-BEBD-48A2-875E-7045FC23F4E2}.Debug|Any CPU.Build.0 = Debug|Any CPU
		{A48739F8-BEBD-48A2-875E-7045FC23F4E2}.Release|Any CPU.ActiveCfg = Release|Any CPU
		{A48739F8-BEBD-48A2-875E-7045FC23F4E2}.Release|Any CPU.Build.0 = Release|Any CPU
		{B0C48EC1-BADE-4783-A601-53B2B9253F39}.Debug|Any CPU.ActiveCfg = Debug|Any CPU
		{B0C48EC1-BADE-4783-A601-53B2B9253F39}.Debug|Any CPU.Build.0 = Debug|Any CPU
		{B0C48EC1-BADE-4783-A601-53B2B9253F39}.Release|Any CPU.ActiveCfg = Release|Any CPU
		{B0C48EC1-BADE-4783-A601-53B2B9253F39}.Release|Any CPU.Build.0 = Release|Any CPU
		{0182CEEA-883F-4EB7-951C-D79603CC2B4B}.Debug|Any CPU.ActiveCfg = Debug|Any CPU
		{0182CEEA-883F-4EB7-951C-D79603CC2B4B}.Debug|Any CPU.Build.0 = Debug|Any CPU
		{0182CEEA-883F-4EB7-951C-D79603CC2B4B}.Release|Any CPU.ActiveCfg = Release|Any CPU
		{0182CEEA-883F-4EB7-951C-D79603CC2B4B}.Release|Any CPU.Build.0 = Release|Any CPU
		{847E3623-1243-4C2B-84D1-3D155207C838}.Debug|Any CPU.ActiveCfg = Debug|Any CPU
		{847E3623-1243-4C2B-84D1-3D155207C838}.Debug|Any CPU.Build.0 = Debug|Any CPU
		{847E3623-1243-4C2B-84D1-3D155207C838}.Release|Any CPU.ActiveCfg = Release|Any CPU
		{847E3623-1243-4C2B-84D1-3D155207C838}.Release|Any CPU.Build.0 = Release|Any CPU
		{DE2C396A-4D37-4CD2-9C76-9E2BA0C8537C}.Debug|Any CPU.ActiveCfg = Debug|Any CPU
		{DE2C396A-4D37-4CD2-9C76-9E2BA0C8537C}.Debug|Any CPU.Build.0 = Debug|Any CPU
		{DE2C396A-4D37-4CD2-9C76-9E2BA0C8537C}.Release|Any CPU.ActiveCfg = Release|Any CPU
		{DE2C396A-4D37-4CD2-9C76-9E2BA0C8537C}.Release|Any CPU.Build.0 = Release|Any CPU
		{D2E357C4-77A3-4079-8296-F98A62855CEF}.Debug|Any CPU.ActiveCfg = Debug|Any CPU
		{D2E357C4-77A3-4079-8296-F98A62855CEF}.Debug|Any CPU.Build.0 = Debug|Any CPU
		{D2E357C4-77A3-4079-8296-F98A62855CEF}.Release|Any CPU.ActiveCfg = Release|Any CPU
		{D2E357C4-77A3-4079-8296-F98A62855CEF}.Release|Any CPU.Build.0 = Release|Any CPU
		{CA60E811-ECCC-4488-9A51-76005C02CEDC}.Debug|Any CPU.ActiveCfg = Debug|Any CPU
		{CA60E811-ECCC-4488-9A51-76005C02CEDC}.Debug|Any CPU.Build.0 = Debug|Any CPU
		{CA60E811-ECCC-4488-9A51-76005C02CEDC}.Release|Any CPU.ActiveCfg = Release|Any CPU
		{CA60E811-ECCC-4488-9A51-76005C02CEDC}.Release|Any CPU.Build.0 = Release|Any CPU
		{928790D5-C74B-4937-9D31-0AA4D9A2ABC3}.Debug|Any CPU.ActiveCfg = Debug|Any CPU
		{928790D5-C74B-4937-9D31-0AA4D9A2ABC3}.Debug|Any CPU.Build.0 = Debug|Any CPU
		{928790D5-C74B-4937-9D31-0AA4D9A2ABC3}.Release|Any CPU.ActiveCfg = Release|Any CPU
		{928790D5-C74B-4937-9D31-0AA4D9A2ABC3}.Release|Any CPU.Build.0 = Release|Any CPU
		{B512A035-2D10-4014-9839-D11032F59A49}.Debug|Any CPU.ActiveCfg = Debug|Any CPU
		{B512A035-2D10-4014-9839-D11032F59A49}.Debug|Any CPU.Build.0 = Debug|Any CPU
		{B512A035-2D10-4014-9839-D11032F59A49}.Release|Any CPU.ActiveCfg = Release|Any CPU
		{B512A035-2D10-4014-9839-D11032F59A49}.Release|Any CPU.Build.0 = Release|Any CPU
		{36D398A5-1DE8-4BE0-A565-E30E5B48BD81}.Debug|Any CPU.ActiveCfg = Debug|Any CPU
		{36D398A5-1DE8-4BE0-A565-E30E5B48BD81}.Debug|Any CPU.Build.0 = Debug|Any CPU
		{36D398A5-1DE8-4BE0-A565-E30E5B48BD81}.Release|Any CPU.ActiveCfg = Release|Any CPU
		{36D398A5-1DE8-4BE0-A565-E30E5B48BD81}.Release|Any CPU.Build.0 = Release|Any CPU
		{FF35E62B-EA18-4868-BADA-3ABC4965862A}.Debug|Any CPU.ActiveCfg = Debug|Any CPU
		{FF35E62B-EA18-4868-BADA-3ABC4965862A}.Debug|Any CPU.Build.0 = Debug|Any CPU
		{FF35E62B-EA18-4868-BADA-3ABC4965862A}.Release|Any CPU.ActiveCfg = Release|Any CPU
		{FF35E62B-EA18-4868-BADA-3ABC4965862A}.Release|Any CPU.Build.0 = Release|Any CPU
		{85AB0D21-3642-4B23-A6FB-E4AD5A17DD50}.Debug|Any CPU.ActiveCfg = Debug|Any CPU
		{85AB0D21-3642-4B23-A6FB-E4AD5A17DD50}.Debug|Any CPU.Build.0 = Debug|Any CPU
		{85AB0D21-3642-4B23-A6FB-E4AD5A17DD50}.Release|Any CPU.ActiveCfg = Release|Any CPU
		{85AB0D21-3642-4B23-A6FB-E4AD5A17DD50}.Release|Any CPU.Build.0 = Release|Any CPU
		{59AF9AD0-7B12-4729-A2AC-3DE1290DCF71}.Debug|Any CPU.ActiveCfg = Debug|Any CPU
		{59AF9AD0-7B12-4729-A2AC-3DE1290DCF71}.Debug|Any CPU.Build.0 = Debug|Any CPU
		{59AF9AD0-7B12-4729-A2AC-3DE1290DCF71}.Release|Any CPU.ActiveCfg = Release|Any CPU
		{59AF9AD0-7B12-4729-A2AC-3DE1290DCF71}.Release|Any CPU.Build.0 = Release|Any CPU
		{3B9CBF7C-0011-47CF-906C-71B39BBAA401}.Debug|Any CPU.ActiveCfg = Debug|Any CPU
		{3B9CBF7C-0011-47CF-906C-71B39BBAA401}.Debug|Any CPU.Build.0 = Debug|Any CPU
		{3B9CBF7C-0011-47CF-906C-71B39BBAA401}.Release|Any CPU.ActiveCfg = Release|Any CPU
		{3B9CBF7C-0011-47CF-906C-71B39BBAA401}.Release|Any CPU.Build.0 = Release|Any CPU
		{39BB30E6-F4CF-479D-8F05-CE6D22EBAA84}.Debug|Any CPU.ActiveCfg = Debug|Any CPU
		{39BB30E6-F4CF-479D-8F05-CE6D22EBAA84}.Debug|Any CPU.Build.0 = Debug|Any CPU
		{39BB30E6-F4CF-479D-8F05-CE6D22EBAA84}.Release|Any CPU.ActiveCfg = Release|Any CPU
		{39BB30E6-F4CF-479D-8F05-CE6D22EBAA84}.Release|Any CPU.Build.0 = Release|Any CPU
	EndGlobalSection
	GlobalSection(SolutionProperties) = preSolution
		HideSolutionNode = FALSE
	EndGlobalSection
EndGlobal
